
Microsoft Visual Studio Solution File, Format Version 12.00
# Blend for Visual Studio 14
VisualStudioVersion = 14.0.23107.0
MinimumVisualStudioVersion = 10.0.40219.1
Project("{FAE04EC0-301F-11D3-BF4B-00C04F79EFBC}") = "Face-PhotoAlbum", "Face-PhotoAlbum\Face-PhotoAlbum.csproj", "{6B909A60-4039-45C9-B066-63025A4B5AD4}"
EndProject
Global
	GlobalSection(SolutionConfigurationPlatforms) = preSolution
		Debug|Any CPU = Debug|Any CPU
		Release|Any CPU = Release|Any CPU
	EndGlobalSection
	GlobalSection(ProjectConfigurationPlatforms) = postSolution
		{6B909A60-4039-45C9-B066-63025A4B5AD4}.Debug|Any CPU.ActiveCfg = Debug|Any CPU
		{6B909A60-4039-45C9-B066-63025A4B5AD4}.Debug|Any CPU.Build.0 = Debug|Any CPU
		{6B909A60-4039-45C9-B066-63025A4B5AD4}.Release|Any CPU.ActiveCfg = Release|Any CPU
		{6B909A60-4039-45C9-B066-63025A4B5AD4}.Release|Any CPU.Build.0 = Release|Any CPU
	EndGlobalSection
	GlobalSection(SolutionProperties) = preSolution
		HideSolutionNode = FALSE
	EndGlobalSection
EndGlobal
